
Microsoft Visual Studio Solution File, Format Version 12.00
# Visual Studio Version 16
VisualStudioVersion = 16.0.31624.102
MinimumVisualStudioVersion = 10.0.40219.1
Project("{FAE04EC0-301F-11D3-BF4B-00C04F79EFBC}") = "login_panal_proje", "login_panal_proje\login_panal_proje.csproj", "{539CCCC0-25AC-4A49-AC1F-F911371273D7}"
EndProject
Global
	GlobalSection(SolutionConfigurationPlatforms) = preSolution
		Debug|Any CPU = Debug|Any CPU
		Release|Any CPU = Release|Any CPU
	EndGlobalSection
	GlobalSection(ProjectConfigurationPlatforms) = postSolution
		{539CCCC0-25AC-4A49-AC1F-F911371273D7}.Debug|Any CPU.ActiveCfg = Debug|Any CPU
		{539CCCC0-25AC-4A49-AC1F-F911371273D7}.Debug|Any CPU.Build.0 = Debug|Any CPU
		{539CCCC0-25AC-4A49-AC1F-F911371273D7}.Release|Any CPU.ActiveCfg = Release|Any CPU
		{539CCCC0-25AC-4A49-AC1F-F911371273D7}.Release|Any CPU.Build.0 = Release|Any CPU
	EndGlobalSection
	GlobalSection(SolutionProperties) = preSolution
		HideSolutionNode = FALSE
	EndGlobalSection
	GlobalSection(ExtensibilityGlobals) = postSolution
		SolutionGuid = {DC71D169-8107-4CE6-9D1D-34A121A41011}
	EndGlobalSection
EndGlobal
