
Microsoft Visual Studio Solution File, Format Version 12.00
# Visual Studio Version 16
VisualStudioVersion = 16.0.31624.102
MinimumVisualStudioVersion = 10.0.40219.1
Project("{FAE04EC0-301F-11D3-BF4B-00C04F79EFBC}") = "ogrenci_nothesaplama", "ogrenci_nothesaplama\ogrenci_nothesaplama.csproj", "{F966BBF1-CCA4-4A1C-910F-89205FBBF9B5}"
EndProject
Global
	GlobalSection(SolutionConfigurationPlatforms) = preSolution
		Debug|Any CPU = Debug|Any CPU
		Release|Any CPU = Release|Any CPU
	EndGlobalSection
	GlobalSection(ProjectConfigurationPlatforms) = postSolution
		{F966BBF1-CCA4-4A1C-910F-89205FBBF9B5}.Debug|Any CPU.ActiveCfg = Debug|Any CPU
		{F966BBF1-CCA4-4A1C-910F-89205FBBF9B5}.Debug|Any CPU.Build.0 = Debug|Any CPU
		{F966BBF1-CCA4-4A1C-910F-89205FBBF9B5}.Release|Any CPU.ActiveCfg = Release|Any CPU
		{F966BBF1-CCA4-4A1C-910F-89205FBBF9B5}.Release|Any CPU.Build.0 = Release|Any CPU
	EndGlobalSection
	GlobalSection(SolutionProperties) = preSolution
		HideSolutionNode = FALSE
	EndGlobalSection
	GlobalSection(ExtensibilityGlobals) = postSolution
		SolutionGuid = {CAFAABD0-4AEF-42FA-A1E1-EFBBF42A9BE7}
	EndGlobalSection
EndGlobal
