
Microsoft Visual Studio Solution File, Format Version 12.00
# Visual Studio Version 16
VisualStudioVersion = 16.0.31624.102
MinimumVisualStudioVersion = 10.0.40219.1
Project("{FAE04EC0-301F-11D3-BF4B-00C04F79EFBC}") = "arac_kullanımları3", "arac_kullanımları3\arac_kullanımları3.csproj", "{BC926D4B-6FA4-42A0-B01C-A49EFEEC84C6}"
EndProject
Global
	GlobalSection(SolutionConfigurationPlatforms) = preSolution
		Debug|Any CPU = Debug|Any CPU
		Release|Any CPU = Release|Any CPU
	EndGlobalSection
	GlobalSection(ProjectConfigurationPlatforms) = postSolution
		{BC926D4B-6FA4-42A0-B01C-A49EFEEC84C6}.Debug|Any CPU.ActiveCfg = Debug|Any CPU
		{BC926D4B-6FA4-42A0-B01C-A49EFEEC84C6}.Debug|Any CPU.Build.0 = Debug|Any CPU
		{BC926D4B-6FA4-42A0-B01C-A49EFEEC84C6}.Release|Any CPU.ActiveCfg = Release|Any CPU
		{BC926D4B-6FA4-42A0-B01C-A49EFEEC84C6}.Release|Any CPU.Build.0 = Release|Any CPU
	EndGlobalSection
	GlobalSection(SolutionProperties) = preSolution
		HideSolutionNode = FALSE
	EndGlobalSection
	GlobalSection(ExtensibilityGlobals) = postSolution
		SolutionGuid = {FEEAD11F-B024-4667-8570-1FA9BDEC0FF0}
	EndGlobalSection
EndGlobal
